{
  "meteor": {},
  "dependencies": {
    "basePackages": {
      "bootstrap-3": {},
      "iron-router": {
        "git": "https://github.com/EventedMind/iron-router",
        "branch": "devel"
      },
      "jobCollection": {}
    },
    "packages": {
      "bootstrap-3": {
        "git": "https://github.com/mangasocial/meteor-bootstrap-3.git",
        "tag": "v3.2.0-1",
        "commit": "17a63902fc6cf1096c5289d963c66cf28b474727"
      },
      "iron-router": {
        "git": "https://github.com/EventedMind/iron-router",
        "branch": "devel",
        "commit": "7993938ffd3dd338688847a11724f8a982fa9d5d"
      },
      "jobCollection": {
        "git": "https://github.com/vsivsi/meteor-job-collection.git",
        "tag": "v0.0.14",
        "commit": "6957cab211a9d3e249a2acb9d6feffa00818a0cc"
      },
      "iron-layout": {
        "git": "https://github.com/EventedMind/iron-layout.git",
        "tag": "v0.1.2",
        "commit": "6a81be88ee675d747777aeb308c6d4da482d0fde"
      },
      "blaze-layout": {
        "git": "https://github.com/EventedMind/blaze-layout.git",
        "tag": "v0.2.5",
        "commit": "273e3ab7d005d91a1a59c71bd224533b4dae2fbd"
      },
      "iron-core": {
        "git": "https://github.com/EventedMind/iron-core.git",
        "tag": "v0.1.0",
        "commit": "978b27f987a91c8d46e557c24190cb2ed5f8b074"
      },
      "iron-dynamic-template": {
        "git": "https://github.com/EventedMind/iron-dynamic-template.git",
        "tag": "v0.1.0",
        "commit": "10ffb22239b79789c3923354e3eaa9ba7cb2f9ca"
      }
    }
  }
}
